
Microsoft Visual Studio Solution File, Format Version 12.00
Project("{FAE04EC0-301F-11D3-BF4B-00C04F79EFBC}") = "Directory_Scanner", "Directory_Scanner\Directory_Scanner.csproj", "{51AF3EF3-F3A2-4149-9155-7501AF5B6DDD}"
EndProject
Project("{FAE04EC0-301F-11D3-BF4B-00C04F79EFBC}") = "Directory_Scanner.Tests", "Directory_Scanner.Tests\Directory_Scanner.Tests.csproj", "{DA84FA2E-4491-40D6-B4BE-E64178A66C3A}"
EndProject
Project("{FAE04EC0-301F-11D3-BF4B-00C04F79EFBC}") = "Directory_Scanner.Library", "Directory_Scanner.Library\Directory_Scanner.Library.csproj", "{69BF453E-A64D-4A54-9CEB-37DE8E08692A}"
EndProject
Global
	GlobalSection(SolutionConfigurationPlatforms) = preSolution
		Debug|Any CPU = Debug|Any CPU
		Release|Any CPU = Release|Any CPU
	EndGlobalSection
	GlobalSection(ProjectConfigurationPlatforms) = postSolution
		{51AF3EF3-F3A2-4149-9155-7501AF5B6DDD}.Debug|Any CPU.ActiveCfg = Debug|Any CPU
		{51AF3EF3-F3A2-4149-9155-7501AF5B6DDD}.Debug|Any CPU.Build.0 = Debug|Any CPU
		{51AF3EF3-F3A2-4149-9155-7501AF5B6DDD}.Release|Any CPU.ActiveCfg = Release|Any CPU
		{51AF3EF3-F3A2-4149-9155-7501AF5B6DDD}.Release|Any CPU.Build.0 = Release|Any CPU
		{DA84FA2E-4491-40D6-B4BE-E64178A66C3A}.Debug|Any CPU.ActiveCfg = Debug|Any CPU
		{DA84FA2E-4491-40D6-B4BE-E64178A66C3A}.Debug|Any CPU.Build.0 = Debug|Any CPU
		{DA84FA2E-4491-40D6-B4BE-E64178A66C3A}.Release|Any CPU.ActiveCfg = Release|Any CPU
		{DA84FA2E-4491-40D6-B4BE-E64178A66C3A}.Release|Any CPU.Build.0 = Release|Any CPU
		{69BF453E-A64D-4A54-9CEB-37DE8E08692A}.Debug|Any CPU.ActiveCfg = Debug|Any CPU
		{69BF453E-A64D-4A54-9CEB-37DE8E08692A}.Debug|Any CPU.Build.0 = Debug|Any CPU
		{69BF453E-A64D-4A54-9CEB-37DE8E08692A}.Release|Any CPU.ActiveCfg = Release|Any CPU
		{69BF453E-A64D-4A54-9CEB-37DE8E08692A}.Release|Any CPU.Build.0 = Release|Any CPU
	EndGlobalSection
EndGlobal
